
Microsoft Visual Studio Solution File, Format Version 12.00
# Visual Studio Version 16
VisualStudioVersion = 16.0.29609.76
MinimumVisualStudioVersion = 10.0.40219.1
Project("{9A19103F-16F7-4668-BE54-9A1E7A4F7556}") = "BE", "..\BE\BE.csproj", "{1B49B1CE-23C0-4E69-BB63-487AA1E2C5B3}"
EndProject
Project("{9A19103F-16F7-4668-BE54-9A1E7A4F7556}") = "DAL", "..\DAL\DAL.csproj", "{AA2DDAC9-E666-4486-8A94-45F337CB6C11}"
EndProject
Project("{9A19103F-16F7-4668-BE54-9A1E7A4F7556}") = "BL", "..\BL\BL.csproj", "{7EE1CAC7-64F9-4FDB-BA7B-9A21A821D9F7}"
EndProject
Project("{FAE04EC0-301F-11D3-BF4B-00C04F79EFBC}") = "PLWPF", "..\PL\PLWPF.csproj", "{B4971FF2-AFEA-4D5C-8ACC-657E054B53C8}"
EndProject
Project("{9A19103F-16F7-4668-BE54-9A1E7A4F7556}") = "DS", "..\DS\DS.csproj", "{216ADF49-EC81-449C-A3B9-5ED0A17F606A}"
EndProject
Global
	GlobalSection(SolutionConfigurationPlatforms) = preSolution
		Debug|Any CPU = Debug|Any CPU
		Release|Any CPU = Release|Any CPU
	EndGlobalSection
	GlobalSection(ProjectConfigurationPlatforms) = postSolution
		{1B49B1CE-23C0-4E69-BB63-487AA1E2C5B3}.Debug|Any CPU.ActiveCfg = Debug|Any CPU
		{1B49B1CE-23C0-4E69-BB63-487AA1E2C5B3}.Debug|Any CPU.Build.0 = Debug|Any CPU
		{1B49B1CE-23C0-4E69-BB63-487AA1E2C5B3}.Release|Any CPU.ActiveCfg = Release|Any CPU
		{1B49B1CE-23C0-4E69-BB63-487AA1E2C5B3}.Release|Any CPU.Build.0 = Release|Any CPU
		{AA2DDAC9-E666-4486-8A94-45F337CB6C11}.Debug|Any CPU.ActiveCfg = Debug|Any CPU
		{AA2DDAC9-E666-4486-8A94-45F337CB6C11}.Debug|Any CPU.Build.0 = Debug|Any CPU
		{AA2DDAC9-E666-4486-8A94-45F337CB6C11}.Release|Any CPU.ActiveCfg = Release|Any CPU
		{AA2DDAC9-E666-4486-8A94-45F337CB6C11}.Release|Any CPU.Build.0 = Release|Any CPU
		{7EE1CAC7-64F9-4FDB-BA7B-9A21A821D9F7}.Debug|Any CPU.ActiveCfg = Debug|Any CPU
		{7EE1CAC7-64F9-4FDB-BA7B-9A21A821D9F7}.Debug|Any CPU.Build.0 = Debug|Any CPU
		{7EE1CAC7-64F9-4FDB-BA7B-9A21A821D9F7}.Release|Any CPU.ActiveCfg = Release|Any CPU
		{7EE1CAC7-64F9-4FDB-BA7B-9A21A821D9F7}.Release|Any CPU.Build.0 = Release|Any CPU
		{B4971FF2-AFEA-4D5C-8ACC-657E054B53C8}.Debug|Any CPU.ActiveCfg = Debug|Any CPU
		{B4971FF2-AFEA-4D5C-8ACC-657E054B53C8}.Debug|Any CPU.Build.0 = Debug|Any CPU
		{B4971FF2-AFEA-4D5C-8ACC-657E054B53C8}.Release|Any CPU.ActiveCfg = Release|Any CPU
		{B4971FF2-AFEA-4D5C-8ACC-657E054B53C8}.Release|Any CPU.Build.0 = Release|Any CPU
		{216ADF49-EC81-449C-A3B9-5ED0A17F606A}.Debug|Any CPU.ActiveCfg = Debug|Any CPU
		{216ADF49-EC81-449C-A3B9-5ED0A17F606A}.Debug|Any CPU.Build.0 = Debug|Any CPU
		{216ADF49-EC81-449C-A3B9-5ED0A17F606A}.Release|Any CPU.ActiveCfg = Release|Any CPU
		{216ADF49-EC81-449C-A3B9-5ED0A17F606A}.Release|Any CPU.Build.0 = Release|Any CPU
	EndGlobalSection
	GlobalSection(SolutionProperties) = preSolution
		HideSolutionNode = FALSE
	EndGlobalSection
	GlobalSection(ExtensibilityGlobals) = postSolution
		SolutionGuid = {40B6B9E6-5CE2-4696-AB4B-57A875E2A95D}
	EndGlobalSection
EndGlobal
